
Microsoft Visual Studio Solution File, Format Version 12.00
# Visual Studio Version 17
VisualStudioVersion = 17.6.33829.357
MinimumVisualStudioVersion = 10.0.40219.1
Project("{FAE04EC0-301F-11D3-BF4B-00C04F79EFBC}") = "FactorialCalculation.Sample", "FactorialCalculation.Sample\FactorialCalculation.Sample.csproj", "{C9B49BC0-7D62-4EE0-A435-ED83592F14A3}"
EndProject
Global
	GlobalSection(SolutionConfigurationPlatforms) = preSolution
		Debug|Any CPU = Debug|Any CPU
		Release|Any CPU = Release|Any CPU
	EndGlobalSection
	GlobalSection(ProjectConfigurationPlatforms) = postSolution
		{C9B49BC0-7D62-4EE0-A435-ED83592F14A3}.Debug|Any CPU.ActiveCfg = Debug|Any CPU
		{C9B49BC0-7D62-4EE0-A435-ED83592F14A3}.Debug|Any CPU.Build.0 = Debug|Any CPU
		{C9B49BC0-7D62-4EE0-A435-ED83592F14A3}.Release|Any CPU.ActiveCfg = Release|Any CPU
		{C9B49BC0-7D62-4EE0-A435-ED83592F14A3}.Release|Any CPU.Build.0 = Release|Any CPU
	EndGlobalSection
	GlobalSection(SolutionProperties) = preSolution
		HideSolutionNode = FALSE
	EndGlobalSection
	GlobalSection(ExtensibilityGlobals) = postSolution
		SolutionGuid = {510F725B-36A6-49DE-BBF9-4CCBF2B9DC43}
	EndGlobalSection
EndGlobal
